{
  "R": {
    "Version": "4.4.3",
    "Repositories": [
      {
        "Name": "CRAN",
        "URL": "https://cloud.r-project.org"
      }
    ]
  },
  "Bioconductor": {
    "Version": "3.20"
  },
  "Packages": {
    "AnnotationDbi": {
      "Package": "AnnotationDbi",
      "Version": "1.68.0",
      "Source": "Bioconductor",
      "Repository": "Bioconductor 3.20"
    },
    "BH": {
      "Package": "BH",
      "Version": "1.90.0-1",
      "Source": "Repository",
      "Repository": "CRAN"
    },
    "Biobase": {
      "Package": "Biobase",
      "Version": "2.66.0",
      "Source": "Bioconductor",
      "Repository": "Bioconductor 3.20"
    },
    "BiocFileCache": {
      "Package": "BiocFileCache",
      "Version": "2.14.0",
      "Source": "Bioconductor",
      "Repository": "Bioconductor 3.20"
    },
    "BiocGenerics": {
      "Package": "BiocGenerics",
      "Version": "0.52.0",
      "Source": "Bioconductor",
      "Repository": "Bioconductor 3.20"
    },
    "BiocIO": {
      "Package": "BiocIO",
      "Version": "1.16.0",
      "Source": "Bioconductor",
      "Repository": "Bioconductor 3.20"
    },
    "BiocManager": {
      "Package": "BiocManager",
      "Version": "1.30.27",
      "Source": "Repository",
      "Repository": "CRAN"
    },
    "BiocParallel": {
      "Package": "BiocParallel",
      "Version": "1.40.2",
      "Source": "Bioconductor"
    },
    "BiocVersion": {
      "Package": "BiocVersion",
      "Version": "3.20.0",
      "Source": "Bioconductor",
      "Repository": "Bioconductor 3.20"
    },
    "Biostrings": {
      "Package": "Biostrings",
      "Version": "2.74.1",
      "Source": "Bioconductor",
      "Repository": "Bioconductor 3.20"
    },
    "DBI": {
      "Package": "DBI",
      "Version": "1.3.0",
      "Source": "Repository",
      "Repository": "CRAN"
    },
    "DelayedArray": {
      "Package": "DelayedArray",
      "Version": "0.32.0",
      "Source": "Bioconductor",
      "Repository": "Bioconductor 3.20"
    },
    "DelayedMatrixStats": {
      "Package": "DelayedMatrixStats",
      "Version": "1.28.1",
      "Source": "Bioconductor",
      "Repository": "Bioconductor 3.20"
    },
    "GEOquery": {
      "Package": "GEOquery",
      "Version": "2.74.0",
      "Source": "Bioconductor",
      "Repository": "Bioconductor 3.20"
    },
    "GenomeInfoDb": {
      "Package": "GenomeInfoDb",
      "Version": "1.42.3",
      "Source": "Bioconductor",
      "Repository": "Bioconductor 3.20"
    },
    "GenomeInfoDbData": {
      "Package": "GenomeInfoDbData",
      "Version": "1.2.13",
      "Source": "Bioconductor"
    },
    "GenomicAlignments": {
      "Package": "GenomicAlignments",
      "Version": "1.42.0",
      "Source": "Bioconductor",
      "Repository": "Bioconductor 3.20"
    },
    "GenomicFeatures": {
      "Package": "GenomicFeatures",
      "Version": "1.58.0",
      "Source": "Bioconductor",
      "Repository": "Bioconductor 3.20"
    },
    "GenomicRanges": {
      "Package": "GenomicRanges",
      "Version": "1.58.0",
      "Source": "Bioconductor",
      "Repository": "Bioconductor 3.20"
    },
    "HDF5Array": {
      "Package": "HDF5Array",
      "Version": "1.34.0",
      "Source": "Bioconductor",
      "Repository": "Bioconductor 3.20"
    },
    "IRanges": {
      "Package": "IRanges",
      "Version": "2.40.1",
      "Source": "Bioconductor",
      "Repository": "Bioconductor 3.20"
    },
    "KEGGREST": {
      "Package": "KEGGREST",
      "Version": "1.46.0",
      "Source": "Bioconductor",
      "Repository": "Bioconductor 3.20"
    },
    "KernSmooth": {
      "Package": "KernSmooth",
      "Version": "2.23-26",
      "Source": "Repository",
      "Repository": "CRAN"
    },
    "MASS": {
      "Package": "MASS",
      "Version": "7.3-65",
      "Source": "Repository",
      "Repository": "CRAN"
    },
    "Matrix": {
      "Package": "Matrix",
      "Version": "1.7-5",
      "Source": "Repository",
      "Repository": "CRAN"
    },
    "MatrixGenerics": {
      "Package": "MatrixGenerics",
      "Version": "1.18.1",
      "Source": "Bioconductor",
      "Repository": "Bioconductor 3.20"
    },
    "R.methodsS3": {
      "Package": "R.methodsS3",
      "Version": "1.8.2",
      "Source": "Repository",
      "Repository": "CRAN"
    },
    "R.oo": {
      "Package": "R.oo",
      "Version": "1.27.1",
      "Source": "Repository",
      "Repository": "CRAN"
    },
    "R.utils": {
      "Package": "R.utils",
      "Version": "2.13.0",
      "Source": "Repository",
      "Repository": "CRAN"
    },
    "R6": {
      "Package": "R6",
      "Version": "2.6.1",
      "Source": "Repository",
      "Repository": "CRAN"
    },
    "RColorBrewer": {
      "Package": "RColorBrewer",
      "Version": "1.1-3",
      "Source": "Repository",
      "Repository": "CRAN"
    },
    "RCurl": {
      "Package": "RCurl",
      "Version": "1.98-1.18",
      "Source": "Repository",
      "Repository": "CRAN"
    },
    "RSQLite": {
      "Package": "RSQLite",
      "Version": "2.4.6",
      "Source": "Repository",
      "Repository": "CRAN"
    },
    "Rcpp": {
      "Package": "Rcpp",
      "Version": "1.1.1",
      "Source": "Repository",
      "Repository": "CRAN"
    },
    "Rhdf5lib": {
      "Package": "Rhdf5lib",
      "Version": "1.28.0",
      "Source": "Bioconductor",
      "Repository": "Bioconductor 3.20"
    },
    "Rhtslib": {
      "Package": "Rhtslib",
      "Version": "3.2.0",
      "Source": "Bioconductor",
      "Repository": "Bioconductor 3.20"
    },
    "Rsamtools": {
      "Package": "Rsamtools",
      "Version": "2.22.0",
      "Source": "Bioconductor",
      "Repository": "Bioconductor 3.20"
    },
    "S4Arrays": {
      "Package": "S4Arrays",
      "Version": "1.6.0",
      "Source": "Bioconductor",
      "Repository": "Bioconductor 3.20"
    },
    "S4Vectors": {
      "Package": "S4Vectors",
      "Version": "0.44.0",
      "Source": "Bioconductor",
      "Repository": "Bioconductor 3.20"
    },
    "S7": {
      "Package": "S7",
      "Version": "0.2.1",
      "Source": "Repository",
      "Repository": "CRAN"
    },
    "SparseArray": {
      "Package": "SparseArray",
      "Version": "1.6.2",
      "Source": "Bioconductor",
      "Repository": "Bioconductor 3.20"
    },
    "SummarizedExperiment": {
      "Package": "SummarizedExperiment",
      "Version": "1.36.0",
      "Source": "Bioconductor",
      "Repository": "Bioconductor 3.20"
    },
    "UCSC.utils": {
      "Package": "UCSC.utils",
      "Version": "1.2.0",
      "Source": "Bioconductor",
      "Repository": "Bioconductor 3.20"
    },
    "XML": {
      "Package": "XML",
      "Version": "3.99-0.23",
      "Source": "Repository",
      "Repository": "CRAN"
    },
    "XVector": {
      "Package": "XVector",
      "Version": "0.46.0",
      "Source": "Bioconductor",
      "Repository": "Bioconductor 3.20"
    },
    "abind": {
      "Package": "abind",
      "Version": "1.4-8",
      "Source": "Repository",
      "Repository": "CRAN"
    },
    "admisc": {
      "Package": "admisc",
      "Version": "0.39",
      "Source": "Repository",
      "Repository": "CRAN"
    },
    "annotate": {
      "Package": "annotate",
      "Version": "1.84.0",
      "Source": "Bioconductor",
      "Repository": "Bioconductor 3.20"
    },
    "aplot": {
      "Package": "aplot",
      "Version": "0.2.9",
      "Source": "Repository",
      "Repository": "CRAN"
    },
    "askpass": {
      "Package": "askpass",
      "Version": "1.2.1",
      "Source": "Repository",
      "Repository": "CRAN"
    },
    "assertthat": {
      "Package": "assertthat",
      "Version": "0.2.1",
      "Source": "Repository",
      "Repository": "CRAN"
    },
    "babelgene": {
      "Package": "babelgene",
      "Version": "22.9",
      "Source": "Repository",
      "Repository": "CRAN"
    },
    "base64": {
      "Package": "base64",
      "Version": "2.0.2",
      "Source": "Repository",
      "Repository": "CRAN"
    },
    "beanplot": {
      "Package": "beanplot",
      "Version": "1.3.1",
      "Source": "Repository",
      "Repository": "CRAN"
    },
    "biomaRt": {
      "Package": "biomaRt",
      "Version": "2.62.1",
      "Source": "Bioconductor",
      "Repository": "Bioconductor 3.20"
    },
    "bit": {
      "Package": "bit",
      "Version": "4.6.0",
      "Source": "Repository",
      "Repository": "CRAN"
    },
    "bit64": {
      "Package": "bit64",
      "Version": "4.6.0-1",
      "Source": "Repository",
      "Repository": "CRAN"
    },
    "bitops": {
      "Package": "bitops",
      "Version": "1.0-9",
      "Source": "Repository",
      "Repository": "CRAN"
    },
    "blob": {
      "Package": "blob",
      "Version": "1.3.0",
      "Source": "Repository",
      "Repository": "CRAN"
    },
    "bumphunter": {
      "Package": "bumphunter",
      "Version": "1.48.0",
      "Source": "Bioconductor",
      "Repository": "Bioconductor 3.20"
    },
    "caTools": {
      "Package": "caTools",
      "Version": "1.18.3",
      "Source": "Repository",
      "Repository": "CRAN"
    },
    "cachem": {
      "Package": "cachem",
      "Version": "1.1.0",
      "Source": "Repository",
      "Repository": "CRAN"
    },
    "cellranger": {
      "Package": "cellranger",
      "Version": "1.1.0",
      "Source": "Repository",
      "Repository": "CRAN"
    },
    "cli": {
      "Package": "cli",
      "Version": "3.6.5",
      "Source": "Repository",
      "Repository": "CRAN"
    },
    "clipr": {
      "Package": "clipr",
      "Version": "0.8.0",
      "Source": "Repository",
      "Repository": "CRAN"
    },
    "codetools": {
      "Package": "codetools",
      "Version": "0.2-20",
      "Source": "Repository",
      "Repository": "CRAN"
    },
    "cowplot": {
      "Package": "cowplot",
      "Version": "1.2.0",
      "Source": "Repository",
      "Repository": "CRAN"
    },
    "cpp11": {
      "Package": "cpp11",
      "Version": "0.5.3",
      "Source": "Repository",
      "Repository": "CRAN"
    },
    "crayon": {
      "Package": "crayon",
      "Version": "1.5.3",
      "Source": "Repository",
      "Repository": "CRAN"
    },
    "curl": {
      "Package": "curl",
      "Version": "7.0.0",
      "Source": "Repository",
      "Repository": "CRAN"
    },
    "data.table": {
      "Package": "data.table",
      "Version": "1.18.2.1",
      "Source": "Repository",
      "Repository": "CRAN"
    },
    "dbplyr": {
      "Package": "dbplyr",
      "Version": "2.5.1",
      "Source": "Repository",
      "Repository": "CRAN"
    },
    "digest": {
      "Package": "digest",
      "Version": "0.6.39",
      "Source": "Repository",
      "Repository": "CRAN"
    },
    "doParallel": {
      "Package": "doParallel",
      "Version": "1.0.17",
      "Source": "Repository",
      "Repository": "CRAN"
    },
    "doRNG": {
      "Package": "doRNG",
      "Version": "1.8.6.3",
      "Source": "Repository",
      "Repository": "CRAN"
    },
    "downloader": {
      "Package": "downloader",
      "Version": "0.4.1",
      "Source": "Repository",
      "Repository": "CRAN"
    },
    "dplyr": {
      "Package": "dplyr",
      "Version": "1.2.0",
      "Source": "Repository",
      "Repository": "CRAN"
    },
    "edgeR": {
      "Package": "edgeR",
      "Version": "4.4.2",
      "Source": "Bioconductor",
      "Repository": "Bioconductor 3.20"
    },
    "farver": {
      "Package": "farver",
      "Version": "2.1.2",
      "Source": "Repository",
      "Repository": "CRAN"
    },
    "fastmap": {
      "Package": "fastmap",
      "Version": "1.2.0",
      "Source": "Repository",
      "Repository": "CRAN"
    },
    "fastmatch": {
      "Package": "fastmatch",
      "Version": "1.1-8",
      "Source": "Repository",
      "Repository": "CRAN"
    },
    "fgsea": {
      "Package": "fgsea",
      "Version": "1.32.4",
      "Source": "Bioconductor",
      "Repository": "Bioconductor 3.20"
    },
    "filelock": {
      "Package": "filelock",
      "Version": "1.0.3",
      "Source": "Repository",
      "Repository": "CRAN"
    },
    "forcats": {
      "Package": "forcats",
      "Version": "1.0.1",
      "Source": "Repository",
      "Repository": "CRAN"
    },
    "foreach": {
      "Package": "foreach",
      "Version": "1.5.2",
      "Source": "Repository",
      "Repository": "CRAN"
    },
    "formatR": {
      "Package": "formatR",
      "Version": "1.14",
      "Source": "Repository",
      "Repository": "CRAN"
    },
    "fs": {
      "Package": "fs",
      "Version": "1.6.7",
      "Source": "Repository",
      "Repository": "CRAN"
    },
    "futile.logger": {
      "Package": "futile.logger",
      "Version": "1.4.9",
      "Source": "Repository",
      "Repository": "CRAN"
    },
    "futile.options": {
      "Package": "futile.options",
      "Version": "1.0.1",
      "Source": "Repository",
      "Repository": "CRAN"
    },
    "genefilter": {
      "Package": "genefilter",
      "Version": "1.88.0",
      "Source": "Bioconductor",
      "Repository": "Bioconductor 3.20"
    },
    "generics": {
      "Package": "generics",
      "Version": "0.1.4",
      "Source": "Repository",
      "Repository": "CRAN"
    },
    "ggVennDiagram": {
      "Package": "ggVennDiagram",
      "Version": "1.5.7",
      "Source": "Repository",
      "Repository": "CRAN"
    },
    "ggfun": {
      "Package": "ggfun",
      "Version": "0.2.0",
      "Source": "Repository",
      "Repository": "CRAN"
    },
    "ggplot2": {
      "Package": "ggplot2",
      "Version": "4.0.2",
      "Source": "Repository",
      "Repository": "CRAN"
    },
    "ggplotify": {
      "Package": "ggplotify",
      "Version": "0.1.3",
      "Source": "Repository",
      "Repository": "CRAN"
    },
    "ggrepel": {
      "Package": "ggrepel",
      "Version": "0.9.8",
      "Source": "Repository",
      "Repository": "CRAN"
    },
    "glue": {
      "Package": "glue",
      "Version": "1.8.0",
      "Source": "Repository",
      "Repository": "CRAN"
    },
    "gplots": {
      "Package": "gplots",
      "Version": "3.3.0",
      "Source": "Repository",
      "Repository": "CRAN"
    },
    "gridGraphics": {
      "Package": "gridGraphics",
      "Version": "0.5-1",
      "Source": "Repository",
      "Repository": "CRAN"
    },
    "gtable": {
      "Package": "gtable",
      "Version": "0.3.6",
      "Source": "Repository",
      "Repository": "CRAN"
    },
    "gtools": {
      "Package": "gtools",
      "Version": "3.9.5",
      "Source": "Repository",
      "Repository": "CRAN"
    },
    "hms": {
      "Package": "hms",
      "Version": "1.1.4",
      "Source": "Repository",
      "Repository": "CRAN"
    },
    "httr": {
      "Package": "httr",
      "Version": "1.4.8",
      "Source": "Repository",
      "Repository": "CRAN"
    },
    "httr2": {
      "Package": "httr2",
      "Version": "1.2.2",
      "Source": "Repository",
      "Repository": "CRAN"
    },
    "illuminaio": {
      "Package": "illuminaio",
      "Version": "0.48.0",
      "Source": "Bioconductor",
      "Repository": "Bioconductor 3.20"
    },
    "isoband": {
      "Package": "isoband",
      "Version": "0.3.0",
      "Source": "Repository",
      "Repository": "CRAN"
    },
    "iterators": {
      "Package": "iterators",
      "Version": "1.0.14",
      "Source": "Repository",
      "Repository": "CRAN"
    },
    "jsonlite": {
      "Package": "jsonlite",
      "Version": "2.0.0",
      "Source": "Repository",
      "Repository": "CRAN"
    },
    "labeling": {
      "Package": "labeling",
      "Version": "0.4.3",
      "Source": "Repository",
      "Repository": "CRAN"
    },
    "lambda.r": {
      "Package": "lambda.r",
      "Version": "1.2.4",
      "Source": "Repository",
      "Repository": "CRAN"
    },
    "lattice": {
      "Package": "lattice",
      "Version": "0.22-9",
      "Source": "Repository",
      "Repository": "CRAN"
    },
    "lifecycle": {
      "Package": "lifecycle",
      "Version": "1.0.5",
      "Source": "Repository",
      "Repository": "CRAN"
    },
    "limma": {
      "Package": "limma",
      "Version": "3.62.2",
      "Source": "Bioconductor",
      "Repository": "Bioconductor 3.20"
    },
    "locfit": {
      "Package": "locfit",
      "Version": "1.5-9.12",
      "Source": "Repository",
      "Repository": "CRAN"
    },
    "magrittr": {
      "Package": "magrittr",
      "Version": "2.0.4",
      "Source": "Repository",
      "Repository": "CRAN"
    },
    "matrixStats": {
      "Package": "matrixStats",
      "Version": "1.5.0",
      "Source": "Repository",
      "Repository": "CRAN"
    },
    "mclust": {
      "Package": "mclust",
      "Version": "6.1.2",
      "Source": "Repository",
      "Repository": "CRAN"
    },
    "memoise": {
      "Package": "memoise",
      "Version": "2.0.1",
      "Source": "Repository",
      "Repository": "CRAN"
    },
    "mime": {
      "Package": "mime",
      "Version": "0.13",
      "Source": "Repository",
      "Repository": "CRAN"
    },
    "minfi": {
      "Package": "minfi",
      "Version": "1.52.1",
      "Source": "Bioconductor",
      "Repository": "Bioconductor 3.20"
    },
    "msigdbr": {
      "Package": "msigdbr",
      "Version": "26.1.0",
      "Source": "Repository",
      "Repository": "CRAN"
    },
    "multtest": {
      "Package": "multtest",
      "Version": "2.62.0",
      "Source": "Bioconductor",
      "Repository": "Bioconductor 3.20"
    },
    "nlme": {
      "Package": "nlme",
      "Version": "3.1-168",
      "Source": "Repository",
      "Repository": "CRAN"
    },
    "nor1mix": {
      "Package": "nor1mix",
      "Version": "1.3-3",
      "Source": "Repository",
      "Repository": "CRAN"
    },
    "openssl": {
      "Package": "openssl",
      "Version": "2.3.5",
      "Source": "Repository",
      "Repository": "CRAN"
    },
    "patchwork": {
      "Package": "patchwork",
      "Version": "1.3.2",
      "Source": "Repository",
      "Repository": "CRAN"
    },
    "pillar": {
      "Package": "pillar",
      "Version": "1.11.1",
      "Source": "Repository",
      "Repository": "CRAN"
    },
    "pkgconfig": {
      "Package": "pkgconfig",
      "Version": "2.0.3",
      "Source": "Repository",
      "Repository": "CRAN"
    },
    "plyr": {
      "Package": "plyr",
      "Version": "1.8.9",
      "Source": "Repository",
      "Repository": "CRAN"
    },
    "png": {
      "Package": "png",
      "Version": "0.1-9",
      "Source": "Repository",
      "Repository": "CRAN"
    },
    "preprocessCore": {
      "Package": "preprocessCore",
      "Version": "1.68.0",
      "Source": "Bioconductor",
      "Repository": "Bioconductor 3.20"
    },
    "prettyunits": {
      "Package": "prettyunits",
      "Version": "1.2.0",
      "Source": "Repository",
      "Repository": "CRAN"
    },
    "progress": {
      "Package": "progress",
      "Version": "1.2.3",
      "Source": "Repository",
      "Repository": "CRAN"
    },
    "purrr": {
      "Package": "purrr",
      "Version": "1.2.1",
      "Source": "Repository",
      "Repository": "CRAN"
    },
    "quadprog": {
      "Package": "quadprog",
      "Version": "1.5-8",
      "Source": "Repository",
      "Repository": "CRAN"
    },
    "quantro": {
      "Package": "quantro",
      "Version": "1.40.0",
      "Source": "Bioconductor",
      "Repository": "Bioconductor 3.20"
    },
    "rappdirs": {
      "Package": "rappdirs",
      "Version": "0.3.4",
      "Source": "Repository",
      "Repository": "CRAN"
    },
    "readr": {
      "Package": "readr",
      "Version": "2.2.0",
      "Source": "Repository",
      "Repository": "CRAN"
    },
    "readxl": {
      "Package": "readxl",
      "Version": "1.4.5",
      "Source": "Repository",
      "Repository": "CRAN"
    },
    "rematch": {
      "Package": "rematch",
      "Version": "2.0.0",
      "Source": "Repository",
      "Repository": "CRAN"
    },
    "rentrez": {
      "Package": "rentrez",
      "Version": "1.2.4",
      "Source": "Repository",
      "Repository": "CRAN"
    },
    "reshape": {
      "Package": "reshape",
      "Version": "0.8.10",
      "Source": "Repository",
      "Repository": "CRAN"
    },
    "restfulr": {
      "Package": "restfulr",
      "Version": "0.0.16",
      "Source": "Repository",
      "Repository": "CRAN"
    },
    "rhdf5": {
      "Package": "rhdf5",
      "Version": "2.50.2",
      "Source": "Bioconductor",
      "Repository": "Bioconductor 3.20"
    },
    "rhdf5filters": {
      "Package": "rhdf5filters",
      "Version": "1.18.1",
      "Source": "Bioconductor",
      "Repository": "Bioconductor 3.20"
    },
    "rjson": {
      "Package": "rjson",
      "Version": "0.2.23",
      "Source": "Repository",
      "Repository": "CRAN"
    },
    "rlang": {
      "Package": "rlang",
      "Version": "1.1.7",
      "Source": "Repository",
      "Repository": "CRAN"
    },
    "rngtools": {
      "Package": "rngtools",
      "Version": "1.5.2",
      "Source": "Repository",
      "Repository": "CRAN"
    },
    "rtracklayer": {
      "Package": "rtracklayer",
      "Version": "1.66.0",
      "Source": "Bioconductor",
      "Repository": "Bioconductor 3.20"
    },
    "rvest": {
      "Package": "rvest",
      "Version": "1.0.5",
      "Source": "Repository",
      "Repository": "CRAN"
    },
    "scales": {
      "Package": "scales",
      "Version": "1.4.0",
      "Source": "Repository",
      "Repository": "CRAN"
    },
    "scrime": {
      "Package": "scrime",
      "Version": "1.3.7",
      "Source": "Repository",
      "Repository": "CRAN"
    },
    "selectr": {
      "Package": "selectr",
      "Version": "0.5-1",
      "Source": "Repository",
      "Repository": "CRAN"
    },
    "siggenes": {
      "Package": "siggenes",
      "Version": "1.80.0",
      "Source": "Bioconductor",
      "Repository": "Bioconductor 3.20"
    },
    "snow": {
      "Package": "snow",
      "Version": "0.4-4",
      "Source": "Repository",
      "Repository": "CRAN"
    },
    "sparseMatrixStats": {
      "Package": "sparseMatrixStats",
      "Version": "1.18.0",
      "Source": "Bioconductor",
      "Repository": "Bioconductor 3.20"
    },
    "statmod": {
      "Package": "statmod",
      "Version": "1.5.1",
      "Source": "Repository",
      "Repository": "CRAN"
    },
    "stringi": {
      "Package": "stringi",
      "Version": "1.8.7",
      "Source": "Repository",
      "Repository": "CRAN"
    },
    "stringr": {
      "Package": "stringr",
      "Version": "1.6.0",
      "Source": "Repository",
      "Repository": "CRAN"
    },
    "survival": {
      "Package": "survival",
      "Version": "3.8-6",
      "Source": "Repository",
      "Repository": "CRAN"
    },
    "sys": {
      "Package": "sys",
      "Version": "3.4.3",
      "Source": "Repository",
      "Repository": "CRAN"
    },
    "tibble": {
      "Package": "tibble",
      "Version": "3.3.1",
      "Source": "Repository",
      "Repository": "CRAN"
    },
    "tidyr": {
      "Package": "tidyr",
      "Version": "1.3.2",
      "Source": "Repository",
      "Repository": "CRAN"
    },
    "tidyselect": {
      "Package": "tidyselect",
      "Version": "1.2.1",
      "Source": "Repository",
      "Repository": "CRAN"
    },
    "tzdb": {
      "Package": "tzdb",
      "Version": "0.5.0",
      "Source": "Repository",
      "Repository": "CRAN"
    },
    "utf8": {
      "Package": "utf8",
      "Version": "1.2.6",
      "Source": "Repository",
      "Repository": "CRAN"
    },
    "vctrs": {
      "Package": "vctrs",
      "Version": "0.7.2",
      "Source": "Repository",
      "Repository": "CRAN"
    },
    "venn": {
      "Package": "venn",
      "Version": "1.12",
      "Source": "Repository",
      "Repository": "CRAN"
    },
    "viridisLite": {
      "Package": "viridisLite",
      "Version": "0.4.3",
      "Source": "Repository",
      "Repository": "CRAN"
    },
    "vroom": {
      "Package": "vroom",
      "Version": "1.7.0",
      "Source": "Repository",
      "Repository": "CRAN"
    },
    "withr": {
      "Package": "withr",
      "Version": "3.0.2",
      "Source": "Repository",
      "Repository": "CRAN"
    },
    "xml2": {
      "Package": "xml2",
      "Version": "1.5.2",
      "Source": "Repository",
      "Repository": "CRAN"
    },
    "xtable": {
      "Package": "xtable",
      "Version": "1.8-8",
      "Source": "Repository",
      "Repository": "CRAN"
    },
    "yaml": {
      "Package": "yaml",
      "Version": "2.3.12",
      "Source": "Repository",
      "Repository": "CRAN"
    },
    "yarn": {
      "Package": "yarn",
      "Version": "1.32.0",
      "Source": "Bioconductor",
      "Repository": "Bioconductor 3.20"
    },
    "yulab.utils": {
      "Package": "yulab.utils",
      "Version": "0.2.4",
      "Source": "Repository",
      "Repository": "CRAN"
    },
    "zlibbioc": {
      "Package": "zlibbioc",
      "Version": "1.52.0",
      "Source": "Bioconductor",
      "Repository": "Bioconductor 3.20"
    }
  }
}
